
Microsoft Visual Studio Solution File, Format Version 12.00
# Visual Studio Version 17
VisualStudioVersion = 17.3.32929.385
MinimumVisualStudioVersion = 10.0.40219.1
Project("{FAE04EC0-301F-11D3-BF4B-00C04F79EFBC}") = "Task", "Task\Task.csproj", "{B3AB97D8-5438-43F0-AFD1-3837FED7E583}"
EndProject
Global
	GlobalSection(SolutionConfigurationPlatforms) = preSolution
		Debug|Any CPU = Debug|Any CPU
		Release|Any CPU = Release|Any CPU
	EndGlobalSection
	GlobalSection(ProjectConfigurationPlatforms) = postSolution
		{B3AB97D8-5438-43F0-AFD1-3837FED7E583}.Debug|Any CPU.ActiveCfg = Debug|Any CPU
		{B3AB97D8-5438-43F0-AFD1-3837FED7E583}.Debug|Any CPU.Build.0 = Debug|Any CPU
		{B3AB97D8-5438-43F0-AFD1-3837FED7E583}.Release|Any CPU.ActiveCfg = Release|Any CPU
		{B3AB97D8-5438-43F0-AFD1-3837FED7E583}.Release|Any CPU.Build.0 = Release|Any CPU
	EndGlobalSection
	GlobalSection(SolutionProperties) = preSolution
		HideSolutionNode = FALSE
	EndGlobalSection
	GlobalSection(ExtensibilityGlobals) = postSolution
		SolutionGuid = {53CFB40F-D78B-4F0F-9196-86013C5F1A22}
	EndGlobalSection
EndGlobal
